
Microsoft Visual Studio Solution File, Format Version 12.00
# Visual Studio Version 16
VisualStudioVersion = 16.0.29306.81
MinimumVisualStudioVersion = 10.0.40219.1
Project("{FAE04EC0-301F-11D3-BF4B-00C04F79EFBC}") = "CosmosApp", "CosmosApp\CosmosApp.csproj", "{391575A3-D0D2-4735-AAA8-EAE532056770}"
EndProject
Global
	GlobalSection(SolutionConfigurationPlatforms) = preSolution
		Debug|Any CPU = Debug|Any CPU
		Release|Any CPU = Release|Any CPU
	EndGlobalSection
	GlobalSection(ProjectConfigurationPlatforms) = postSolution
		{391575A3-D0D2-4735-AAA8-EAE532056770}.Debug|Any CPU.ActiveCfg = Debug|Any CPU
		{391575A3-D0D2-4735-AAA8-EAE532056770}.Debug|Any CPU.Build.0 = Debug|Any CPU
		{391575A3-D0D2-4735-AAA8-EAE532056770}.Release|Any CPU.ActiveCfg = Release|Any CPU
		{391575A3-D0D2-4735-AAA8-EAE532056770}.Release|Any CPU.Build.0 = Release|Any CPU
	EndGlobalSection
	GlobalSection(SolutionProperties) = preSolution
		HideSolutionNode = FALSE
	EndGlobalSection
	GlobalSection(ExtensibilityGlobals) = postSolution
		SolutionGuid = {FF025CBF-2719-464F-938D-1C93B99CEF02}
	EndGlobalSection
EndGlobal
